<?xml version="1.0" encoding="utf-8"?>
<Project ToolsVersion="4.0" xmlns="http://schemas.microsoft.com/developer/msbuild/2003">
  <ItemGroup>
    <Filter Include="Source Files">
      <UniqueIdentifier>{4FC737F1-C7A5-4376-A066-2A32D752A2FF}</UniqueIdentifier>
      <Extensions>cpp;c;cc;cxx;def;odl;idl;hpj;bat;asm;asmx</Extensions>
    </Filter>
    <Filter Include="Header Files">
      <UniqueIdentifier>{93995380-89BD-4b04-88EB-625FBE52EBFB}</UniqueIdentifier>
      <Extensions>h;hpp;hxx;hm;inl;inc;xsd</Extensions>
    </Filter>
    <Filter Include="Resource Files">
      <UniqueIdentifier>{67DA6AB6-F800-4c08-8B7A-83BB121AAD01}</UniqueIdentifier>
      <Extensions>rc;ico;cur;bmp;dlg;rc2;rct;bin;rgs;gif;jpg;jpeg;jpe;resx;tiff;tif;png;wav;mfcribbon-ms</Extensions>
    </Filter>
    <Filter Include="Source Files\Square">
      <UniqueIdentifier>{a4ef58c4-d28c-4c34-bab3-421997ec8343}</UniqueIdentifier>
    </Filter>
    <Filter Include="Header Files\Square">
      <UniqueIdentifier>{ba58350a-37c8-4156-8ded-0c19de17e74b}</UniqueIdentifier>
    </Filter>
    <Filter Include="Header Files\Player">
      <UniqueIdentifier>{f9baf729-1481-49eb-8dd8-a556db5f2a70}</UniqueIdentifier>
    </Filter>
    <Filter Include="Source Files\Player">
      <UniqueIdentifier>{696abbcf-18ef-4e54-b3e4-85bb5ae544c9}</UniqueIdentifier>
    </Filter>
    <Filter Include="Header Files\Monopoly">
      <UniqueIdentifier>{4e359721-9667-4ee8-b09f-df2419a890dc}</UniqueIdentifier>
    </Filter>
    <Filter Include="Source Files\Monopoly">
      <UniqueIdentifier>{0ad7a646-4802-44b5-a7f3-fe35dcd33c7e}</UniqueIdentifier>
    </Filter>
    <Filter Include="Header Files\Square\Special">
      <UniqueIdentifier>{224f641a-4b05-4e93-abde-31353372dbb3}</UniqueIdentifier>
    </Filter>
    <Filter Include="Source Files\Square\Special">
      <UniqueIdentifier>{a5b14c53-678f-4416-95b7-d14ee38793ac}</UniqueIdentifier>
    </Filter>
  </ItemGroup>
  <ItemGroup>
    <None Include="ReadMe.txt" />
  </ItemGroup>
  <ItemGroup>
    <ClInclude Include="targetver.h">
      <Filter>Header Files</Filter>
    </ClInclude>
    <ClInclude Include="Player.h">
      <Filter>Header Files\Player</Filter>
    </ClInclude>
    <ClInclude Include="Property.h">
      <Filter>Header Files\Square</Filter>
    </ClInclude>
    <ClInclude Include="Monopoly.h">
      <Filter>Header Files\Monopoly</Filter>
    </ClInclude>
    <ClInclude Include="Airport.h">
      <Filter>Header Files\Square</Filter>
    </ClInclude>
    <ClInclude Include="Go.h">
      <Filter>Header Files\Square\Special</Filter>
    </ClInclude>
    <ClInclude Include="Penalty.h">
      <Filter>Header Files\Square\Special</Filter>
    </ClInclude>
    <ClInclude Include="Special.h">
      <Filter>Header Files\Square</Filter>
    </ClInclude>
    <ClInclude Include="Jail.h">
      <Filter>Header Files\Square\Special</Filter>
    </ClInclude>
    <ClInclude Include="FreeParking.h">
      <Filter>Header Files\Square\Special</Filter>
    </ClInclude>
    <ClInclude Include="GoToJail.h">
      <Filter>Header Files\Square\Special</Filter>
    </ClInclude>
    <ClInclude Include="Bonus.h">
      <Filter>Header Files\Square\Special</Filter>
    </ClInclude>
    <ClInclude Include="MyDefinitions.h">
      <Filter>Header Files</Filter>
    </ClInclude>
    <ClInclude Include="Square.h">
      <Filter>Header Files\Square</Filter>
    </ClInclude>
    <ClInclude Include="stdafx.h">
      <Filter>Source Files</Filter>
    </ClInclude>
  </ItemGroup>
  <ItemGroup>
    <ClCompile Include="stdafx.cpp">
      <Filter>Source Files</Filter>
    </ClCompile>
    <ClCompile Include="Square.cpp">
      <Filter>Source Files\Square</Filter>
    </ClCompile>
    <ClCompile Include="Property.cpp">
      <Filter>Source Files\Square</Filter>
    </ClCompile>
    <ClCompile Include="Airport.cpp">
      <Filter>Source Files\Square</Filter>
    </ClCompile>
    <ClCompile Include="Special.cpp">
      <Filter>Source Files\Square\Special</Filter>
    </ClCompile>
    <ClCompile Include="Go.cpp">
      <Filter>Source Files\Square\Special</Filter>
    </ClCompile>
    <ClCompile Include="Jail.cpp">
      <Filter>Source Files\Square\Special</Filter>
    </ClCompile>
    <ClCompile Include="GoToJail.cpp">
      <Filter>Source Files\Square\Special</Filter>
    </ClCompile>
    <ClCompile Include="Advanced C++ Monopoly Assignment.cpp">
      <Filter>Source Files</Filter>
    </ClCompile>
    <ClCompile Include="FreeParking.cpp">
      <Filter>Source Files\Square\Special</Filter>
    </ClCompile>
    <ClCompile Include="MyDefinitions.cpp">
      <Filter>Source Files</Filter>
    </ClCompile>
    <ClCompile Include="Bonus.cpp">
      <Filter>Source Files\Square\Special</Filter>
    </ClCompile>
    <ClCompile Include="Penalty.cpp">
      <Filter>Source Files\Square\Special</Filter>
    </ClCompile>
    <ClCompile Include="Player.cpp">
      <Filter>Source Files\Player</Filter>
    </ClCompile>
    <ClCompile Include="Monopoly.cpp">
      <Filter>Source Files\Monopoly</Filter>
    </ClCompile>
  </ItemGroup>
</Project>